
Microsoft Visual Studio Solution File, Format Version 12.00
# Visual Studio Version 17
VisualStudioVersion = 17.0.31903.59
MinimumVisualStudioVersion = 10.0.40219.1
Project("{2150E333-8FDC-42A3-9474-1A3956D46DE8}") = "src", "src", "{2ABA0A2D-D196-4F19-BC3E-ED5CD1378259}"
EndProject
Project("{FAE04EC0-301F-11D3-BF4B-00C04F79EFBC}") = "OpenFTTH.AddressChangeIndexer", "src\OpenFTTH.AddressChangeIndexer\OpenFTTH.AddressChangeIndexer.csproj", "{FFE5D618-0641-4725-8B4F-83644CBF6D4F}"
EndProject
Project("{2150E333-8FDC-42A3-9474-1A3956D46DE8}") = "test", "test", "{9C081926-8D6E-4C52-AD97-F76DDC506EB1}"
EndProject
Project("{FAE04EC0-301F-11D3-BF4B-00C04F79EFBC}") = "OpenFTTH.AddressChangeIndexer.Tests", "test\OpenFTTH.AddressChangeIndexer.Tests\OpenFTTH.AddressChangeIndexer.Tests.csproj", "{395145B1-B3A5-49B1-ABCF-873DBAA10432}"
EndProject
Global
	GlobalSection(SolutionConfigurationPlatforms) = preSolution
		Debug|Any CPU = Debug|Any CPU
		Release|Any CPU = Release|Any CPU
	EndGlobalSection
	GlobalSection(SolutionProperties) = preSolution
		HideSolutionNode = FALSE
	EndGlobalSection
	GlobalSection(ProjectConfigurationPlatforms) = postSolution
		{FFE5D618-0641-4725-8B4F-83644CBF6D4F}.Debug|Any CPU.ActiveCfg = Debug|Any CPU
		{FFE5D618-0641-4725-8B4F-83644CBF6D4F}.Debug|Any CPU.Build.0 = Debug|Any CPU
		{FFE5D618-0641-4725-8B4F-83644CBF6D4F}.Release|Any CPU.ActiveCfg = Release|Any CPU
		{FFE5D618-0641-4725-8B4F-83644CBF6D4F}.Release|Any CPU.Build.0 = Release|Any CPU
		{395145B1-B3A5-49B1-ABCF-873DBAA10432}.Debug|Any CPU.ActiveCfg = Debug|Any CPU
		{395145B1-B3A5-49B1-ABCF-873DBAA10432}.Debug|Any CPU.Build.0 = Debug|Any CPU
		{395145B1-B3A5-49B1-ABCF-873DBAA10432}.Release|Any CPU.ActiveCfg = Release|Any CPU
		{395145B1-B3A5-49B1-ABCF-873DBAA10432}.Release|Any CPU.Build.0 = Release|Any CPU
	EndGlobalSection
	GlobalSection(NestedProjects) = preSolution
		{FFE5D618-0641-4725-8B4F-83644CBF6D4F} = {2ABA0A2D-D196-4F19-BC3E-ED5CD1378259}
		{395145B1-B3A5-49B1-ABCF-873DBAA10432} = {9C081926-8D6E-4C52-AD97-F76DDC506EB1}
	EndGlobalSection
EndGlobal
